
Microsoft Visual Studio Solution File, Format Version 10.00
# Visual Studio 2008
Project("{FAE04EC0-301F-11D3-BF4B-00C04F79EFBC}") = "TaxiManager", "TaxiManager\TaxiManager.csproj", "{13B4DB99-06DB-4182-901E-6362347CA4F8}"
EndProject
Global
	GlobalSection(SolutionConfigurationPlatforms) = preSolution
		Debug|Any CPU = Debug|Any CPU
		Release|Any CPU = Release|Any CPU
	EndGlobalSection
	GlobalSection(ProjectConfigurationPlatforms) = postSolution
		{13B4DB99-06DB-4182-901E-6362347CA4F8}.Debug|Any CPU.ActiveCfg = Debug|Any CPU
		{13B4DB99-06DB-4182-901E-6362347CA4F8}.Debug|Any CPU.Build.0 = Debug|Any CPU
		{13B4DB99-06DB-4182-901E-6362347CA4F8}.Release|Any CPU.ActiveCfg = Release|Any CPU
		{13B4DB99-06DB-4182-901E-6362347CA4F8}.Release|Any CPU.Build.0 = Release|Any CPU
	EndGlobalSection
	GlobalSection(SolutionProperties) = preSolution
		HideSolutionNode = FALSE
	EndGlobalSection
EndGlobal
